// !$*UTF8*$!
{
	archiveVersion = 1;
	classes = {
	};
	objectVersion = 50;
	objects = {

/* Begin PBXBuildFile section */
		2E0CF26923A29704009BDDFB /* Assets.xcassets in Resources */ = {isa = PBXBuildFile; fileRef = 2E0CF26823A29704009BDDFB /* Assets.xcassets */; };
		2EA4C4F9259F4EA800FB06EC /* StatusItemController.swift in Sources */ = {isa = PBXBuildFile; fileRef = 2EA4C4F8259F4EA800FB06EC /* StatusItemController.swift */; };
		2EA4C4FE259F67EC00FB06EC /* CGKeyCode+character.swift in Sources */ = {isa = PBXBuildFile; fileRef = 2EA4C4FD259F67EC00FB06EC /* CGKeyCode+character.swift */; };
		2EA4C505259F721600FB06EC /* CGEvent+keyboardEvent.swift in Sources */ = {isa = PBXBuildFile; fileRef = 2EA4C504259F721600FB06EC /* CGEvent+keyboardEvent.swift */; };
		2EA4C508259F74A600FB06EC /* EditorMode.swift in Sources */ = {isa = PBXBuildFile; fileRef = 2EA4C507259F74A600FB06EC /* EditorMode.swift */; };
		2EA4C50F259F82B800FB06EC /* ProcessObservationService.swift in Sources */ = {isa = PBXBuildFile; fileRef = 2EA4C50E259F82B800FB06EC /* ProcessObservationService.swift */; };
		2EA4C514259FB4E400FB06EC /* CGKeyCode+keyConstants.swift in Sources */ = {isa = PBXBuildFile; fileRef = 2EA4C513259FB4E400FB06EC /* CGKeyCode+keyConstants.swift */; };
		2EA4C519259FB94300FB06EC /* ProgramAccessibilityService.swift in Sources */ = {isa = PBXBuildFile; fileRef = 2EA4C518259FB94300FB06EC /* ProgramAccessibilityService.swift */; };
		2EA4C51D259FBDCE00FB06EC /* AccessibilityService.swift in Sources */ = {isa = PBXBuildFile; fileRef = 2EA4C51C259FBDCE00FB06EC /* AccessibilityService.swift */; };
		2EC4671625AF7E0700E6367D /* TextPosition.swift in Sources */ = {isa = PBXBuildFile; fileRef = 2EC4671525AF7E0700E6367D /* TextPosition.swift */; };
		2EC4671925AF870E00E6367D /* KeyConstants.swift in Sources */ = {isa = PBXBuildFile; fileRef = 2EC4671825AF870E00E6367D /* KeyConstants.swift */; };
		2EC7406C259D135E00108463 /* EventTap.swift in Sources */ = {isa = PBXBuildFile; fileRef = 2EC7406B259D135E00108463 /* EventTap.swift */; };
		2EC7406F259D13B100108463 /* main.swift in Sources */ = {isa = PBXBuildFile; fileRef = 2EC7406E259D13B100108463 /* main.swift */; };
		2EC74074259DDEE200108463 /* YvimKeyHandler.swift in Sources */ = {isa = PBXBuildFile; fileRef = 2EC74073259DDEE200108463 /* YvimKeyHandler.swift */; };
		2EC74077259DDF0500108463 /* AppDelegate.swift in Sources */ = {isa = PBXBuildFile; fileRef = 2EC74076259DDF0500108463 /* AppDelegate.swift */; };
		840AB7972651AD6B00449ADC /* EditorModeCommand.swift in Sources */ = {isa = PBXBuildFile; fileRef = 840AB7962651AD6B00449ADC /* EditorModeCommand.swift */; };
		840AB7992651ADC800449ADC /* EditorModeInsert.swift in Sources */ = {isa = PBXBuildFile; fileRef = 840AB7982651ADC800449ADC /* EditorModeInsert.swift */; };
		840AB79B2651ADE300449ADC /* EditorModeVisual.swift in Sources */ = {isa = PBXBuildFile; fileRef = 840AB79A2651ADE300449ADC /* EditorModeVisual.swift */; };
		840AB79D2651BE0B00449ADC /* Mode.swift in Sources */ = {isa = PBXBuildFile; fileRef = 840AB79C2651BE0B00449ADC /* Mode.swift */; };
		840F9BD425A008B2006B942F /* BufferEditor.swift in Sources */ = {isa = PBXBuildFile; fileRef = 840F9BD325A008B2006B942F /* BufferEditor.swift */; };
		843591E326540D580088F749 /* MultiplierReader.swift in Sources */ = {isa = PBXBuildFile; fileRef = 843591E226540D580088F749 /* MultiplierReader.swift */; };
		843591E52654147C0088F749 /* Command.swift in Sources */ = {isa = PBXBuildFile; fileRef = 843591E42654147C0088F749 /* Command.swift */; };
		843591E7265416280088F749 /* SelectionCommandReader.swift in Sources */ = {isa = PBXBuildFile; fileRef = 843591E6265416280088F749 /* SelectionCommandReader.swift */; };
		843591E9265417FD0088F749 /* EditorModeCommandParameter.swift in Sources */ = {isa = PBXBuildFile; fileRef = 843591E8265417FD0088F749 /* EditorModeCommandParameter.swift */; };
		845E4C8026550EEF00A11E53 /* YvimTests.swift in Sources */ = {isa = PBXBuildFile; fileRef = 845E4C7F26550EEF00A11E53 /* YvimTests.swift */; };
		845E4C8826550EFF00A11E53 /* LineMotionTests.swift in Sources */ = {isa = PBXBuildFile; fileRef = 845E4C8726550EFF00A11E53 /* LineMotionTests.swift */; };
		845E4C8A26553DFD00A11E53 /* TextObject.swift in Sources */ = {isa = PBXBuildFile; fileRef = 845E4C8926553DFD00A11E53 /* TextObject.swift */; };
		845E4C8C26553E2E00A11E53 /* TextRange.swift in Sources */ = {isa = PBXBuildFile; fileRef = 845E4C8B26553E2E00A11E53 /* TextRange.swift */; };
		845E4C8E265540EE00A11E53 /* TextObjectTests.swift in Sources */ = {isa = PBXBuildFile; fileRef = 845E4C8D265540EE00A11E53 /* TextObjectTests.swift */; };
		845E4C90265542B100A11E53 /* TextObjectReader.swift in Sources */ = {isa = PBXBuildFile; fileRef = 845E4C8F265542B100A11E53 /* TextObjectReader.swift */; };
		845E4C9226555AAB00A11E53 /* Register.swift in Sources */ = {isa = PBXBuildFile; fileRef = 845E4C9126555AAB00A11E53 /* Register.swift */; };
		84605E2325A3C7A600410C44 /* AXUIElement+TextArea.swift in Sources */ = {isa = PBXBuildFile; fileRef = 84605E2225A3C7A600410C44 /* AXUIElement+TextArea.swift */; };
		84605E2625A3C7D700410C44 /* AXBufferEditor.swift in Sources */ = {isa = PBXBuildFile; fileRef = 84605E2525A3C7D700410C44 /* AXBufferEditor.swift */; };
		84605E2925A3C7FD00410C44 /* unichar+unicodeScalar.swift in Sources */ = {isa = PBXBuildFile; fileRef = 84605E2825A3C7FD00410C44 /* unichar+unicodeScalar.swift */; };
		84605E2C25A3C81E00410C44 /* NSString+unichar.swift in Sources */ = {isa = PBXBuildFile; fileRef = 84605E2B25A3C81E00410C44 /* NSString+unichar.swift */; };
		84605E2F25A3C83900410C44 /* BufferEditorOperation.swift in Sources */ = {isa = PBXBuildFile; fileRef = 84605E2E25A3C83900410C44 /* BufferEditorOperation.swift */; };
		84605E3225A3CA3E00410C44 /* LineMotion.swift in Sources */ = {isa = PBXBuildFile; fileRef = 84605E3125A3CA3E00410C44 /* LineMotion.swift */; };
		84605E3825A4C4BF00410C44 /* KeyEvent.swift in Sources */ = {isa = PBXBuildFile; fileRef = 84605E3725A4C4BF00410C44 /* KeyEvent.swift */; };
		84605E4225A4CBCD00410C44 /* KeyHandler.swift in Sources */ = {isa = PBXBuildFile; fileRef = 84605E4125A4CBCD00410C44 /* KeyHandler.swift */; };
		84605E5525A4D7F400410C44 /* MotionReader.swift in Sources */ = {isa = PBXBuildFile; fileRef = 84605E5425A4D7F400410C44 /* MotionReader.swift */; };
		84DE1DC625A265910020963D /* VimSelection.swift in Sources */ = {isa = PBXBuildFile; fileRef = 84DE1DC525A265910020963D /* VimSelection.swift */; };
/* End PBXBuildFile section */

/* Begin PBXContainerItemProxy section */
		845E4C8226550EEF00A11E53 /* PBXContainerItemProxy */ = {
			isa = PBXContainerItemProxy;
			containerPortal = 2E0CF25A23A29702009BDDFB /* Project object */;
			proxyType = 1;
			remoteGlobalIDString = 2E0CF26123A29702009BDDFB;
			remoteInfo = Yvim;
		};
/* End PBXContainerItemProxy section */

/* Begin PBXFileReference section */
		2E0CF26223A29702009BDDFB /* Yvim.app */ = {isa = PBXFileReference; explicitFileType = wrapper.application; includeInIndex = 0; path = Yvim.app; sourceTree = BUILT_PRODUCTS_DIR; };
		2E0CF26823A29704009BDDFB /* Assets.xcassets */ = {isa = PBXFileReference; lastKnownFileType = folder.assetcatalog; path = Assets.xcassets; sourceTree = "<group>"; };
		2E0CF26D23A29704009BDDFB /* Info.plist */ = {isa = PBXFileReference; lastKnownFileType = text.plist.xml; path = Info.plist; sourceTree = "<group>"; };
		2EA4C4F8259F4EA800FB06EC /* StatusItemController.swift */ = {isa = PBXFileReference; lastKnownFileType = sourcecode.swift; path = StatusItemController.swift; sourceTree = "<group>"; };
		2EA4C4FD259F67EC00FB06EC /* CGKeyCode+character.swift */ = {isa = PBXFileReference; lastKnownFileType = sourcecode.swift; path = "CGKeyCode+character.swift"; sourceTree = "<group>"; };
		2EA4C504259F721600FB06EC /* CGEvent+keyboardEvent.swift */ = {isa = PBXFileReference; lastKnownFileType = sourcecode.swift; path = "CGEvent+keyboardEvent.swift"; sourceTree = "<group>"; };
		2EA4C507259F74A600FB06EC /* EditorMode.swift */ = {isa = PBXFileReference; lastKnownFileType = sourcecode.swift; path = EditorMode.swift; sourceTree = "<group>"; };
		2EA4C50A259F755300FB06EC /* README.md */ = {isa = PBXFileReference; lastKnownFileType = net.daringfireball.markdown; path = README.md; sourceTree = "<group>"; };
		2EA4C50E259F82B800FB06EC /* ProcessObservationService.swift */ = {isa = PBXFileReference; lastKnownFileType = sourcecode.swift; path = ProcessObservationService.swift; sourceTree = "<group>"; };
		2EA4C513259FB4E400FB06EC /* CGKeyCode+keyConstants.swift */ = {isa = PBXFileReference; lastKnownFileType = sourcecode.swift; path = "CGKeyCode+keyConstants.swift"; sourceTree = "<group>"; };
		2EA4C518259FB94300FB06EC /* ProgramAccessibilityService.swift */ = {isa = PBXFileReference; lastKnownFileType = sourcecode.swift; path = ProgramAccessibilityService.swift; sourceTree = "<group>"; };
		2EA4C51C259FBDCE00FB06EC /* AccessibilityService.swift */ = {isa = PBXFileReference; lastKnownFileType = sourcecode.swift; path = AccessibilityService.swift; sourceTree = "<group>"; };
		2EC4671525AF7E0700E6367D /* TextPosition.swift */ = {isa = PBXFileReference; lastKnownFileType = sourcecode.swift; path = TextPosition.swift; sourceTree = "<group>"; };
		2EC4671825AF870E00E6367D /* KeyConstants.swift */ = {isa = PBXFileReference; lastKnownFileType = sourcecode.swift; path = KeyConstants.swift; sourceTree = "<group>"; };
		2EC7406B259D135E00108463 /* EventTap.swift */ = {isa = PBXFileReference; lastKnownFileType = sourcecode.swift; path = EventTap.swift; sourceTree = "<group>"; };
		2EC7406E259D13B100108463 /* main.swift */ = {isa = PBXFileReference; lastKnownFileType = sourcecode.swift; path = main.swift; sourceTree = "<group>"; };
		2EC74073259DDEE200108463 /* YvimKeyHandler.swift */ = {isa = PBXFileReference; lastKnownFileType = sourcecode.swift; path = YvimKeyHandler.swift; sourceTree = "<group>"; };
		2EC74076259DDF0500108463 /* AppDelegate.swift */ = {isa = PBXFileReference; lastKnownFileType = sourcecode.swift; path = AppDelegate.swift; sourceTree = "<group>"; };
		840AB7962651AD6B00449ADC /* EditorModeCommand.swift */ = {isa = PBXFileReference; lastKnownFileType = sourcecode.swift; path = EditorModeCommand.swift; sourceTree = "<group>"; };
		840AB7982651ADC800449ADC /* EditorModeInsert.swift */ = {isa = PBXFileReference; lastKnownFileType = sourcecode.swift; path = EditorModeInsert.swift; sourceTree = "<group>"; };
		840AB79A2651ADE300449ADC /* EditorModeVisual.swift */ = {isa = PBXFileReference; lastKnownFileType = sourcecode.swift; path = EditorModeVisual.swift; sourceTree = "<group>"; };
		840AB79C2651BE0B00449ADC /* Mode.swift */ = {isa = PBXFileReference; fileEncoding = 4; lastKnownFileType = sourcecode.swift; path = Mode.swift; sourceTree = "<group>"; };
		840F9BD325A008B2006B942F /* BufferEditor.swift */ = {isa = PBXFileReference; lastKnownFileType = sourcecode.swift; path = BufferEditor.swift; sourceTree = "<group>"; };
		843591E226540D580088F749 /* MultiplierReader.swift */ = {isa = PBXFileReference; lastKnownFileType = sourcecode.swift; path = MultiplierReader.swift; sourceTree = "<group>"; };
		843591E42654147C0088F749 /* Command.swift */ = {isa = PBXFileReference; lastKnownFileType = sourcecode.swift; path = Command.swift; sourceTree = "<group>"; };
		843591E6265416280088F749 /* SelectionCommandReader.swift */ = {isa = PBXFileReference; lastKnownFileType = sourcecode.swift; path = SelectionCommandReader.swift; sourceTree = "<group>"; };
		843591E8265417FD0088F749 /* EditorModeCommandParameter.swift */ = {isa = PBXFileReference; lastKnownFileType = sourcecode.swift; path = EditorModeCommandParameter.swift; sourceTree = "<group>"; };
		845E4C7D26550EEF00A11E53 /* YvimTests.xctest */ = {isa = PBXFileReference; explicitFileType = wrapper.cfbundle; includeInIndex = 0; path = YvimTests.xctest; sourceTree = BUILT_PRODUCTS_DIR; };
		845E4C7F26550EEF00A11E53 /* YvimTests.swift */ = {isa = PBXFileReference; lastKnownFileType = sourcecode.swift; path = YvimTests.swift; sourceTree = "<group>"; };
		845E4C8126550EEF00A11E53 /* Info.plist */ = {isa = PBXFileReference; lastKnownFileType = text.plist.xml; path = Info.plist; sourceTree = "<group>"; };
		845E4C8726550EFF00A11E53 /* LineMotionTests.swift */ = {isa = PBXFileReference; lastKnownFileType = sourcecode.swift; path = LineMotionTests.swift; sourceTree = "<group>"; };
		845E4C8926553DFD00A11E53 /* TextObject.swift */ = {isa = PBXFileReference; lastKnownFileType = sourcecode.swift; path = TextObject.swift; sourceTree = "<group>"; };
		845E4C8B26553E2E00A11E53 /* TextRange.swift */ = {isa = PBXFileReference; lastKnownFileType = sourcecode.swift; path = TextRange.swift; sourceTree = "<group>"; };
		845E4C8D265540EE00A11E53 /* TextObjectTests.swift */ = {isa = PBXFileReference; lastKnownFileType = sourcecode.swift; path = TextObjectTests.swift; sourceTree = "<group>"; };
		845E4C8F265542B100A11E53 /* TextObjectReader.swift */ = {isa = PBXFileReference; lastKnownFileType = sourcecode.swift; path = TextObjectReader.swift; sourceTree = "<group>"; };
		845E4C9126555AAB00A11E53 /* Register.swift */ = {isa = PBXFileReference; lastKnownFileType = sourcecode.swift; path = Register.swift; sourceTree = "<group>"; };
		84605E2225A3C7A600410C44 /* AXUIElement+TextArea.swift */ = {isa = PBXFileReference; lastKnownFileType = sourcecode.swift; path = "AXUIElement+TextArea.swift"; sourceTree = "<group>"; };
		84605E2525A3C7D700410C44 /* AXBufferEditor.swift */ = {isa = PBXFileReference; lastKnownFileType = sourcecode.swift; path = AXBufferEditor.swift; sourceTree = "<group>"; };
		84605E2825A3C7FD00410C44 /* unichar+unicodeScalar.swift */ = {isa = PBXFileReference; lastKnownFileType = sourcecode.swift; path = "unichar+unicodeScalar.swift"; sourceTree = "<group>"; };
		84605E2B25A3C81E00410C44 /* NSString+unichar.swift */ = {isa = PBXFileReference; lastKnownFileType = sourcecode.swift; path = "NSString+unichar.swift"; sourceTree = "<group>"; };
		84605E2E25A3C83900410C44 /* BufferEditorOperation.swift */ = {isa = PBXFileReference; lastKnownFileType = sourcecode.swift; path = BufferEditorOperation.swift; sourceTree = "<group>"; };
		84605E3125A3CA3E00410C44 /* LineMotion.swift */ = {isa = PBXFileReference; lastKnownFileType = sourcecode.swift; path = LineMotion.swift; sourceTree = "<group>"; };
		84605E3725A4C4BF00410C44 /* KeyEvent.swift */ = {isa = PBXFileReference; lastKnownFileType = sourcecode.swift; path = KeyEvent.swift; sourceTree = "<group>"; };
		84605E4125A4CBCD00410C44 /* KeyHandler.swift */ = {isa = PBXFileReference; lastKnownFileType = sourcecode.swift; path = KeyHandler.swift; sourceTree = "<group>"; };
		84605E5425A4D7F400410C44 /* MotionReader.swift */ = {isa = PBXFileReference; lastKnownFileType = sourcecode.swift; path = MotionReader.swift; sourceTree = "<group>"; };
		84DE1DC525A265910020963D /* VimSelection.swift */ = {isa = PBXFileReference; lastKnownFileType = sourcecode.swift; path = VimSelection.swift; sourceTree = "<group>"; };
/* End PBXFileReference section */

/* Begin PBXFrameworksBuildPhase section */
		2E0CF25F23A29702009BDDFB /* Frameworks */ = {
			isa = PBXFrameworksBuildPhase;
			buildActionMask = 2147483647;
			files = (
			);
			runOnlyForDeploymentPostprocessing = 0;
		};
		845E4C7A26550EEF00A11E53 /* Frameworks */ = {
			isa = PBXFrameworksBuildPhase;
			buildActionMask = 2147483647;
			files = (
			);
			runOnlyForDeploymentPostprocessing = 0;
		};
/* End PBXFrameworksBuildPhase section */

/* Begin PBXGroup section */
		2E0CF25923A29702009BDDFB = {
			isa = PBXGroup;
			children = (
				2EA4C50A259F755300FB06EC /* README.md */,
				2E0CF26423A29702009BDDFB /* Yvim */,
				845E4C7E26550EEF00A11E53 /* YvimTests */,
				2E0CF26323A29702009BDDFB /* Products */,
			);
			sourceTree = "<group>";
		};
		2E0CF26323A29702009BDDFB /* Products */ = {
			isa = PBXGroup;
			children = (
				2E0CF26223A29702009BDDFB /* Yvim.app */,
				845E4C7D26550EEF00A11E53 /* YvimTests.xctest */,
			);
			name = Products;
			sourceTree = "<group>";
		};
		2E0CF26423A29702009BDDFB /* Yvim */ = {
			isa = PBXGroup;
			children = (
				2EC7406E259D13B100108463 /* main.swift */,
				2EC74076259DDF0500108463 /* AppDelegate.swift */,
				84605E4925A4D40200410C44 /* Models */,
				84605E4A25A4D46A00410C44 /* Key handling */,
				84605E4B25A4D48300410C44 /* Editor */,
				84605E5125A4D51900410C44 /* Status item */,
				84605E4C25A4D4AC00410C44 /* Accessibility */,
				84605E4D25A4D4F600410C44 /* Event tap */,
				84605E4F25A4D50E00410C44 /* String utilities */,
				2E0CF26823A29704009BDDFB /* Assets.xcassets */,
				2E0CF26D23A29704009BDDFB /* Info.plist */,
			);
			path = Yvim;
			sourceTree = "<group>";
		};
		845E4C7E26550EEF00A11E53 /* YvimTests */ = {
			isa = PBXGroup;
			children = (
				845E4C8D265540EE00A11E53 /* TextObjectTests.swift */,
				845E4C8726550EFF00A11E53 /* LineMotionTests.swift */,
				845E4C7F26550EEF00A11E53 /* YvimTests.swift */,
				845E4C8126550EEF00A11E53 /* Info.plist */,
			);
			path = YvimTests;
			sourceTree = "<group>";
		};
		84605E4925A4D40200410C44 /* Models */ = {
			isa = PBXGroup;
			children = (
				840AB79C2651BE0B00449ADC /* Mode.swift */,
				84605E3125A3CA3E00410C44 /* LineMotion.swift */,
				845E4C8926553DFD00A11E53 /* TextObject.swift */,
				84DE1DC525A265910020963D /* VimSelection.swift */,
				84605E3725A4C4BF00410C44 /* KeyEvent.swift */,
				843591E42654147C0088F749 /* Command.swift */,
			);
			path = Models;
			sourceTree = "<group>";
		};
		84605E4A25A4D46A00410C44 /* Key handling */ = {
			isa = PBXGroup;
			children = (
				2EC74073259DDEE200108463 /* YvimKeyHandler.swift */,
				2EA4C507259F74A600FB06EC /* EditorMode.swift */,
				840AB7962651AD6B00449ADC /* EditorModeCommand.swift */,
				843591E8265417FD0088F749 /* EditorModeCommandParameter.swift */,
				840AB7982651ADC800449ADC /* EditorModeInsert.swift */,
				840AB79A2651ADE300449ADC /* EditorModeVisual.swift */,
				84605E4125A4CBCD00410C44 /* KeyHandler.swift */,
				2EC4671825AF870E00E6367D /* KeyConstants.swift */,
				843591E226540D580088F749 /* MultiplierReader.swift */,
				84605E5425A4D7F400410C44 /* MotionReader.swift */,
				845E4C8F265542B100A11E53 /* TextObjectReader.swift */,
				843591E6265416280088F749 /* SelectionCommandReader.swift */,
			);
			path = "Key handling";
			sourceTree = "<group>";
		};
		84605E4B25A4D48300410C44 /* Editor */ = {
			isa = PBXGroup;
			children = (
				845E4C9126555AAB00A11E53 /* Register.swift */,
				840F9BD325A008B2006B942F /* BufferEditor.swift */,
				84605E2E25A3C83900410C44 /* BufferEditorOperation.swift */,
			);
			path = Editor;
			sourceTree = "<group>";
		};
		84605E4C25A4D4AC00410C44 /* Accessibility */ = {
			isa = PBXGroup;
			children = (
				2EA4C51C259FBDCE00FB06EC /* AccessibilityService.swift */,
				2EA4C50E259F82B800FB06EC /* ProcessObservationService.swift */,
				2EA4C518259FB94300FB06EC /* ProgramAccessibilityService.swift */,
				84605E2225A3C7A600410C44 /* AXUIElement+TextArea.swift */,
				84605E2525A3C7D700410C44 /* AXBufferEditor.swift */,
			);
			path = Accessibility;
			sourceTree = "<group>";
		};
		84605E4D25A4D4F600410C44 /* Event tap */ = {
			isa = PBXGroup;
			children = (
				2EC7406B259D135E00108463 /* EventTap.swift */,
				2EA4C513259FB4E400FB06EC /* CGKeyCode+keyConstants.swift */,
				2EA4C4FD259F67EC00FB06EC /* CGKeyCode+character.swift */,
				2EA4C504259F721600FB06EC /* CGEvent+keyboardEvent.swift */,
			);
			path = "Event tap";
			sourceTree = "<group>";
		};
		84605E4F25A4D50E00410C44 /* String utilities */ = {
			isa = PBXGroup;
			children = (
				84605E2825A3C7FD00410C44 /* unichar+unicodeScalar.swift */,
				84605E2B25A3C81E00410C44 /* NSString+unichar.swift */,
				2EC4671525AF7E0700E6367D /* TextPosition.swift */,
				845E4C8B26553E2E00A11E53 /* TextRange.swift */,
			);
			path = "String utilities";
			sourceTree = "<group>";
		};
		84605E5125A4D51900410C44 /* Status item */ = {
			isa = PBXGroup;
			children = (
				2EA4C4F8259F4EA800FB06EC /* StatusItemController.swift */,
			);
			path = "Status item";
			sourceTree = "<group>";
		};
/* End PBXGroup section */

/* Begin PBXNativeTarget section */
		2E0CF26123A29702009BDDFB /* Yvim */ = {
			isa = PBXNativeTarget;
			buildConfigurationList = 2E0CF27323A29704009BDDFB /* Build configuration list for PBXNativeTarget "Yvim" */;
			buildPhases = (
				2E0CF25E23A29702009BDDFB /* Sources */,
				2E0CF25F23A29702009BDDFB /* Frameworks */,
				2E0CF26023A29702009BDDFB /* Resources */,
			);
			buildRules = (
			);
			dependencies = (
			);
			name = Yvim;
			productName = mouseplague;
			productReference = 2E0CF26223A29702009BDDFB /* Yvim.app */;
			productType = "com.apple.product-type.application";
		};
		845E4C7C26550EEF00A11E53 /* YvimTests */ = {
			isa = PBXNativeTarget;
			buildConfigurationList = 845E4C8426550EEF00A11E53 /* Build configuration list for PBXNativeTarget "YvimTests" */;
			buildPhases = (
				845E4C7926550EEF00A11E53 /* Sources */,
				845E4C7A26550EEF00A11E53 /* Frameworks */,
				845E4C7B26550EEF00A11E53 /* Resources */,
			);
			buildRules = (
			);
			dependencies = (
				845E4C8326550EEF00A11E53 /* PBXTargetDependency */,
			);
			name = YvimTests;
			productName = YvimTests;
			productReference = 845E4C7D26550EEF00A11E53 /* YvimTests.xctest */;
			productType = "com.apple.product-type.bundle.unit-test";
		};
/* End PBXNativeTarget section */

/* Begin PBXProject section */
		2E0CF25A23A29702009BDDFB /* Project object */ = {
			isa = PBXProject;
			attributes = {
				LastSwiftUpdateCheck = 1250;
				LastUpgradeCheck = 1230;
				ORGANIZATIONNAME = "Rens Breur";
				TargetAttributes = {
					2E0CF26123A29702009BDDFB = {
						CreatedOnToolsVersion = 11.1;
						LastSwiftMigration = 1230;
					};
					845E4C7C26550EEF00A11E53 = {
						CreatedOnToolsVersion = 12.5;
						TestTargetID = 2E0CF26123A29702009BDDFB;
					};
				};
			};
			buildConfigurationList = 2E0CF25D23A29702009BDDFB /* Build configuration list for PBXProject "Yvim" */;
			compatibilityVersion = "Xcode 9.3";
			developmentRegion = en;
			hasScannedForEncodings = 0;
			knownRegions = (
				en,
				Base,
			);
			mainGroup = 2E0CF25923A29702009BDDFB;
			productRefGroup = 2E0CF26323A29702009BDDFB /* Products */;
			projectDirPath = "";
			projectRoot = "";
			targets = (
				2E0CF26123A29702009BDDFB /* Yvim */,
				845E4C7C26550EEF00A11E53 /* YvimTests */,
			);
		};
/* End PBXProject section */

/* Begin PBXResourcesBuildPhase section */
		2E0CF26023A29702009BDDFB /* Resources */ = {
			isa = PBXResourcesBuildPhase;
			buildActionMask = 2147483647;
			files = (
				2E0CF26923A29704009BDDFB /* Assets.xcassets in Resources */,
			);
			runOnlyForDeploymentPostprocessing = 0;
		};
		845E4C7B26550EEF00A11E53 /* Resources */ = {
			isa = PBXResourcesBuildPhase;
			buildActionMask = 2147483647;
			files = (
			);
			runOnlyForDeploymentPostprocessing = 0;
		};
/* End PBXResourcesBuildPhase section */

/* Begin PBXSourcesBuildPhase section */
		2E0CF25E23A29702009BDDFB /* Sources */ = {
			isa = PBXSourcesBuildPhase;
			buildActionMask = 2147483647;
			files = (
				2EA4C505259F721600FB06EC /* CGEvent+keyboardEvent.swift in Sources */,
				84DE1DC625A265910020963D /* VimSelection.swift in Sources */,
				84605E2C25A3C81E00410C44 /* NSString+unichar.swift in Sources */,
				2EC7406C259D135E00108463 /* EventTap.swift in Sources */,
				84605E2925A3C7FD00410C44 /* unichar+unicodeScalar.swift in Sources */,
				84605E4225A4CBCD00410C44 /* KeyHandler.swift in Sources */,
				84605E2F25A3C83900410C44 /* BufferEditorOperation.swift in Sources */,
				843591E52654147C0088F749 /* Command.swift in Sources */,
				843591E7265416280088F749 /* SelectionCommandReader.swift in Sources */,
				2EA4C51D259FBDCE00FB06EC /* AccessibilityService.swift in Sources */,
				2EA4C50F259F82B800FB06EC /* ProcessObservationService.swift in Sources */,
				845E4C8A26553DFD00A11E53 /* TextObject.swift in Sources */,
				840AB79B2651ADE300449ADC /* EditorModeVisual.swift in Sources */,
				843591E326540D580088F749 /* MultiplierReader.swift in Sources */,
				84605E2325A3C7A600410C44 /* AXUIElement+TextArea.swift in Sources */,
				2EC4671925AF870E00E6367D /* KeyConstants.swift in Sources */,
				840F9BD425A008B2006B942F /* BufferEditor.swift in Sources */,
				2EA4C508259F74A600FB06EC /* EditorMode.swift in Sources */,
				2EC7406F259D13B100108463 /* main.swift in Sources */,
				845E4C9226555AAB00A11E53 /* Register.swift in Sources */,
				845E4C90265542B100A11E53 /* TextObjectReader.swift in Sources */,
				84605E3825A4C4BF00410C44 /* KeyEvent.swift in Sources */,
				84605E2625A3C7D700410C44 /* AXBufferEditor.swift in Sources */,
				2EA4C4FE259F67EC00FB06EC /* CGKeyCode+character.swift in Sources */,
				2EC4671625AF7E0700E6367D /* TextPosition.swift in Sources */,
				840AB79D2651BE0B00449ADC /* Mode.swift in Sources */,
				2EA4C514259FB4E400FB06EC /* CGKeyCode+keyConstants.swift in Sources */,
				84605E3225A3CA3E00410C44 /* LineMotion.swift in Sources */,
				2EC74074259DDEE200108463 /* YvimKeyHandler.swift in Sources */,
				2EA4C4F9259F4EA800FB06EC /* StatusItemController.swift in Sources */,
				843591E9265417FD0088F749 /* EditorModeCommandParameter.swift in Sources */,
				840AB7972651AD6B00449ADC /* EditorModeCommand.swift in Sources */,
				840AB7992651ADC800449ADC /* EditorModeInsert.swift in Sources */,
				845E4C8C26553E2E00A11E53 /* TextRange.swift in Sources */,
				2EA4C519259FB94300FB06EC /* ProgramAccessibilityService.swift in Sources */,
				2EC74077259DDF0500108463 /* AppDelegate.swift in Sources */,
				84605E5525A4D7F400410C44 /* MotionReader.swift in Sources */,
			);
			runOnlyForDeploymentPostprocessing = 0;
		};
		845E4C7926550EEF00A11E53 /* Sources */ = {
			isa = PBXSourcesBuildPhase;
			buildActionMask = 2147483647;
			files = (
				845E4C8E265540EE00A11E53 /* TextObjectTests.swift in Sources */,
				845E4C8026550EEF00A11E53 /* YvimTests.swift in Sources */,
				845E4C8826550EFF00A11E53 /* LineMotionTests.swift in Sources */,
			);
			runOnlyForDeploymentPostprocessing = 0;
		};
/* End PBXSourcesBuildPhase section */

/* Begin PBXTargetDependency section */
		845E4C8326550EEF00A11E53 /* PBXTargetDependency */ = {
			isa = PBXTargetDependency;
			target = 2E0CF26123A29702009BDDFB /* Yvim */;
			targetProxy = 845E4C8226550EEF00A11E53 /* PBXContainerItemProxy */;
		};
/* End PBXTargetDependency section */

/* Begin XCBuildConfiguration section */
		2E0CF27123A29704009BDDFB /* Debug */ = {
			isa = XCBuildConfiguration;
			buildSettings = {
				ALWAYS_SEARCH_USER_PATHS = NO;
				CLANG_ANALYZER_NONNULL = YES;
				CLANG_ANALYZER_NUMBER_OBJECT_CONVERSION = YES_AGGRESSIVE;
				CLANG_CXX_LANGUAGE_STANDARD = "gnu++14";
				CLANG_CXX_LIBRARY = "libc++";
				CLANG_ENABLE_MODULES = YES;
				CLANG_ENABLE_OBJC_ARC = YES;
				CLANG_ENABLE_OBJC_WEAK = YES;
				CLANG_WARN_BLOCK_CAPTURE_AUTORELEASING = YES;
				CLANG_WARN_BOOL_CONVERSION = YES;
				CLANG_WARN_COMMA = YES;
				CLANG_WARN_CONSTANT_CONVERSION = YES;
				CLANG_WARN_DEPRECATED_OBJC_IMPLEMENTATIONS = YES;
				CLANG_WARN_DIRECT_OBJC_ISA_USAGE = YES_ERROR;
				CLANG_WARN_DOCUMENTATION_COMMENTS = YES;
				CLANG_WARN_EMPTY_BODY = YES;
				CLANG_WARN_ENUM_CONVERSION = YES;
				CLANG_WARN_INFINITE_RECURSION = YES;
				CLANG_WARN_INT_CONVERSION = YES;
				CLANG_WARN_NON_LITERAL_NULL_CONVERSION = YES;
				CLANG_WARN_OBJC_IMPLICIT_RETAIN_SELF = YES;
				CLANG_WARN_OBJC_LITERAL_CONVERSION = YES;
				CLANG_WARN_OBJC_ROOT_CLASS = YES_ERROR;
				CLANG_WARN_QUOTED_INCLUDE_IN_FRAMEWORK_HEADER = YES;
				CLANG_WARN_RANGE_LOOP_ANALYSIS = YES;
				CLANG_WARN_STRICT_PROTOTYPES = YES;
				CLANG_WARN_SUSPICIOUS_MOVE = YES;
				CLANG_WARN_UNGUARDED_AVAILABILITY = YES_AGGRESSIVE;
				CLANG_WARN_UNREACHABLE_CODE = YES;
				CLANG_WARN__DUPLICATE_METHOD_MATCH = YES;
				COPY_PHASE_STRIP = NO;
				DEBUG_INFORMATION_FORMAT = dwarf;
				ENABLE_STRICT_OBJC_MSGSEND = YES;
				ENABLE_TESTABILITY = YES;
				GCC_C_LANGUAGE_STANDARD = gnu11;
				GCC_DYNAMIC_NO_PIC = NO;
				GCC_NO_COMMON_BLOCKS = YES;
				GCC_OPTIMIZATION_LEVEL = 0;
				GCC_PREPROCESSOR_DEFINITIONS = (
					"DEBUG=1",
					"$(inherited)",
				);
				GCC_WARN_64_TO_32_BIT_CONVERSION = YES;
				GCC_WARN_ABOUT_RETURN_TYPE = YES_ERROR;
				GCC_WARN_UNDECLARED_SELECTOR = YES;
				GCC_WARN_UNINITIALIZED_AUTOS = YES_AGGRESSIVE;
				GCC_WARN_UNUSED_FUNCTION = YES;
				GCC_WARN_UNUSED_VARIABLE = YES;
				MACOSX_DEPLOYMENT_TARGET = 10.15;
				MTL_ENABLE_DEBUG_INFO = INCLUDE_SOURCE;
				MTL_FAST_MATH = YES;
				ONLY_ACTIVE_ARCH = YES;
				SDKROOT = macosx;
			};
			name = Debug;
		};
		2E0CF27223A29704009BDDFB /* Release */ = {
			isa = XCBuildConfiguration;
			buildSettings = {
				ALWAYS_SEARCH_USER_PATHS = NO;
				CLANG_ANALYZER_NONNULL = YES;
				CLANG_ANALYZER_NUMBER_OBJECT_CONVERSION = YES_AGGRESSIVE;
				CLANG_CXX_LANGUAGE_STANDARD = "gnu++14";
				CLANG_CXX_LIBRARY = "libc++";
				CLANG_ENABLE_MODULES = YES;
				CLANG_ENABLE_OBJC_ARC = YES;
				CLANG_ENABLE_OBJC_WEAK = YES;
				CLANG_WARN_BLOCK_CAPTURE_AUTORELEASING = YES;
				CLANG_WARN_BOOL_CONVERSION = YES;
				CLANG_WARN_COMMA = YES;
				CLANG_WARN_CONSTANT_CONVERSION = YES;
				CLANG_WARN_DEPRECATED_OBJC_IMPLEMENTATIONS = YES;
				CLANG_WARN_DIRECT_OBJC_ISA_USAGE = YES_ERROR;
				CLANG_WARN_DOCUMENTATION_COMMENTS = YES;
				CLANG_WARN_EMPTY_BODY = YES;
				CLANG_WARN_ENUM_CONVERSION = YES;
				CLANG_WARN_INFINITE_RECURSION = YES;
				CLANG_WARN_INT_CONVERSION = YES;
				CLANG_WARN_NON_LITERAL_NULL_CONVERSION = YES;
				CLANG_WARN_OBJC_IMPLICIT_RETAIN_SELF = YES;
				CLANG_WARN_OBJC_LITERAL_CONVERSION = YES;
				CLANG_WARN_OBJC_ROOT_CLASS = YES_ERROR;
				CLANG_WARN_QUOTED_INCLUDE_IN_FRAMEWORK_HEADER = YES;
				CLANG_WARN_RANGE_LOOP_ANALYSIS = YES;
				CLANG_WARN_STRICT_PROTOTYPES = YES;
				CLANG_WARN_SUSPICIOUS_MOVE = YES;
				CLANG_WARN_UNGUARDED_AVAILABILITY = YES_AGGRESSIVE;
				CLANG_WARN_UNREACHABLE_CODE = YES;
				CLANG_WARN__DUPLICATE_METHOD_MATCH = YES;
				COPY_PHASE_STRIP = NO;
				DEBUG_INFORMATION_FORMAT = "dwarf-with-dsym";
				ENABLE_NS_ASSERTIONS = NO;
				ENABLE_STRICT_OBJC_MSGSEND = YES;
				GCC_C_LANGUAGE_STANDARD = gnu11;
				GCC_NO_COMMON_BLOCKS = YES;
				GCC_WARN_64_TO_32_BIT_CONVERSION = YES;
				GCC_WARN_ABOUT_RETURN_TYPE = YES_ERROR;
				GCC_WARN_UNDECLARED_SELECTOR = YES;
				GCC_WARN_UNINITIALIZED_AUTOS = YES_AGGRESSIVE;
				GCC_WARN_UNUSED_FUNCTION = YES;
				GCC_WARN_UNUSED_VARIABLE = YES;
				MACOSX_DEPLOYMENT_TARGET = 10.15;
				MTL_ENABLE_DEBUG_INFO = NO;
				MTL_FAST_MATH = YES;
				SDKROOT = macosx;
			};
			name = Release;
		};
		2E0CF27423A29704009BDDFB /* Debug */ = {
			isa = XCBuildConfiguration;
			buildSettings = {
				ASSETCATALOG_COMPILER_APPICON_NAME = AppIcon;
				CLANG_ENABLE_MODULES = YES;
				CODE_SIGN_IDENTITY = "";
				CODE_SIGN_STYLE = Automatic;
				COMBINE_HIDPI_IMAGES = YES;
				INFOPLIST_FILE = Yvim/info.plist;
				LD_RUNPATH_SEARCH_PATHS = (
					"$(inherited)",
					"@executable_path/../Frameworks",
				);
				MACOSX_DEPLOYMENT_TARGET = 10.15;
				PRODUCT_BUNDLE_IDENTIFIER = eu.rensbr.Yvim;
				PRODUCT_NAME = "$(TARGET_NAME)";
				SWIFT_OPTIMIZATION_LEVEL = "-Onone";
				SWIFT_VERSION = 5.0;
			};
			name = Debug;
		};
		2E0CF27523A29704009BDDFB /* Release */ = {
			isa = XCBuildConfiguration;
			buildSettings = {
				ASSETCATALOG_COMPILER_APPICON_NAME = AppIcon;
				CLANG_ENABLE_MODULES = YES;
				CODE_SIGN_IDENTITY = "";
				CODE_SIGN_STYLE = Automatic;
				COMBINE_HIDPI_IMAGES = YES;
				INFOPLIST_FILE = Yvim/info.plist;
				LD_RUNPATH_SEARCH_PATHS = (
					"$(inherited)",
					"@executable_path/../Frameworks",
				);
				MACOSX_DEPLOYMENT_TARGET = 10.15;
				PRODUCT_BUNDLE_IDENTIFIER = eu.rensbr.Yvim;
				PRODUCT_NAME = "$(TARGET_NAME)";
				SWIFT_VERSION = 5.0;
			};
			name = Release;
		};
		845E4C8526550EEF00A11E53 /* Debug */ = {
			isa = XCBuildConfiguration;
			buildSettings = {
				BUNDLE_LOADER = "$(TEST_HOST)";
				CODE_SIGN_STYLE = Automatic;
				COMBINE_HIDPI_IMAGES = YES;
				INFOPLIST_FILE = YvimTests/Info.plist;
				LD_RUNPATH_SEARCH_PATHS = (
					"$(inherited)",
					"@executable_path/../Frameworks",
					"@loader_path/../Frameworks",
				);
				MACOSX_DEPLOYMENT_TARGET = 11.1;
				PRODUCT_BUNDLE_IDENTIFIER = eu.rensbr.YvimTests;
				PRODUCT_NAME = "$(TARGET_NAME)";
				SWIFT_ACTIVE_COMPILATION_CONDITIONS = DEBUG;
				SWIFT_OPTIMIZATION_LEVEL = "-Onone";
				SWIFT_VERSION = 5.0;
				TEST_HOST = "$(BUILT_PRODUCTS_DIR)/Yvim.app/Contents/MacOS/Yvim";
			};
			name = Debug;
		};
		845E4C8626550EEF00A11E53 /* Release */ = {
			isa = XCBuildConfiguration;
			buildSettings = {
				BUNDLE_LOADER = "$(TEST_HOST)";
				CODE_SIGN_STYLE = Automatic;
				COMBINE_HIDPI_IMAGES = YES;
				INFOPLIST_FILE = YvimTests/Info.plist;
				LD_RUNPATH_SEARCH_PATHS = (
					"$(inherited)",
					"@executable_path/../Frameworks",
					"@loader_path/../Frameworks",
				);
				MACOSX_DEPLOYMENT_TARGET = 11.1;
				PRODUCT_BUNDLE_IDENTIFIER = eu.rensbr.YvimTests;
				PRODUCT_NAME = "$(TARGET_NAME)";
				SWIFT_COMPILATION_MODE = wholemodule;
				SWIFT_OPTIMIZATION_LEVEL = "-O";
				SWIFT_VERSION = 5.0;
				TEST_HOST = "$(BUILT_PRODUCTS_DIR)/Yvim.app/Contents/MacOS/Yvim";
			};
			name = Release;
		};
/* End XCBuildConfiguration section */

/* Begin XCConfigurationList section */
		2E0CF25D23A29702009BDDFB /* Build configuration list for PBXProject "Yvim" */ = {
			isa = XCConfigurationList;
			buildConfigurations = (
				2E0CF27123A29704009BDDFB /* Debug */,
				2E0CF27223A29704009BDDFB /* Release */,
			);
			defaultConfigurationIsVisible = 0;
			defaultConfigurationName = Release;
		};
		2E0CF27323A29704009BDDFB /* Build configuration list for PBXNativeTarget "Yvim" */ = {
			isa = XCConfigurationList;
			buildConfigurations = (
				2E0CF27423A29704009BDDFB /* Debug */,
				2E0CF27523A29704009BDDFB /* Release */,
			);
			defaultConfigurationIsVisible = 0;
			defaultConfigurationName = Release;
		};
		845E4C8426550EEF00A11E53 /* Build configuration list for PBXNativeTarget "YvimTests" */ = {
			isa = XCConfigurationList;
			buildConfigurations = (
				845E4C8526550EEF00A11E53 /* Debug */,
				845E4C8626550EEF00A11E53 /* Release */,
			);
			defaultConfigurationIsVisible = 0;
			defaultConfigurationName = Release;
		};
/* End XCConfigurationList section */
	};
	rootObject = 2E0CF25A23A29702009BDDFB /* Project object */;
}
